
Microsoft Visual Studio Solution File, Format Version 12.00
# Visual Studio Version 17
VisualStudioVersion = 17.1.32328.378
MinimumVisualStudioVersion = 10.0.40219.1
Project("{9A19103F-16F7-4668-BE54-9A1E7A4F7556}") = "InMemoryApp.Web", "InMemoryApp.Web\InMemoryApp.Web.csproj", "{2E44964E-B09D-4285-9E74-AE79D18D630F}"
EndProject
Project("{9A19103F-16F7-4668-BE54-9A1E7A4F7556}") = "IDistributedCacheRedisApp.Web", "IDistributedCacheRedisApp.Web\IDistributedCacheRedisApp.Web.csproj", "{40880AC4-B1E7-4B36-8A11-F4276A7398F3}"
EndProject
Project("{FAE04EC0-301F-11D3-BF4B-00C04F79EFBC}") = "RedisExchangeAPI.Web", "RedisExchangeAPI.Web\RedisExchangeAPI.Web.csproj", "{874FC9C8-C2B9-4FEF-908F-09DE0546C838}"
EndProject
Global
	GlobalSection(SolutionConfigurationPlatforms) = preSolution
		Debug|Any CPU = Debug|Any CPU
		Release|Any CPU = Release|Any CPU
	EndGlobalSection
	GlobalSection(ProjectConfigurationPlatforms) = postSolution
		{2E44964E-B09D-4285-9E74-AE79D18D630F}.Debug|Any CPU.ActiveCfg = Debug|Any CPU
		{2E44964E-B09D-4285-9E74-AE79D18D630F}.Debug|Any CPU.Build.0 = Debug|Any CPU
		{2E44964E-B09D-4285-9E74-AE79D18D630F}.Release|Any CPU.ActiveCfg = Release|Any CPU
		{2E44964E-B09D-4285-9E74-AE79D18D630F}.Release|Any CPU.Build.0 = Release|Any CPU
		{40880AC4-B1E7-4B36-8A11-F4276A7398F3}.Debug|Any CPU.ActiveCfg = Debug|Any CPU
		{40880AC4-B1E7-4B36-8A11-F4276A7398F3}.Debug|Any CPU.Build.0 = Debug|Any CPU
		{40880AC4-B1E7-4B36-8A11-F4276A7398F3}.Release|Any CPU.ActiveCfg = Release|Any CPU
		{40880AC4-B1E7-4B36-8A11-F4276A7398F3}.Release|Any CPU.Build.0 = Release|Any CPU
		{874FC9C8-C2B9-4FEF-908F-09DE0546C838}.Debug|Any CPU.ActiveCfg = Debug|Any CPU
		{874FC9C8-C2B9-4FEF-908F-09DE0546C838}.Debug|Any CPU.Build.0 = Debug|Any CPU
		{874FC9C8-C2B9-4FEF-908F-09DE0546C838}.Release|Any CPU.ActiveCfg = Release|Any CPU
		{874FC9C8-C2B9-4FEF-908F-09DE0546C838}.Release|Any CPU.Build.0 = Release|Any CPU
	EndGlobalSection
	GlobalSection(SolutionProperties) = preSolution
		HideSolutionNode = FALSE
	EndGlobalSection
	GlobalSection(ExtensibilityGlobals) = postSolution
		SolutionGuid = {3641A962-916F-47EB-8FD9-C95A2952707C}
	EndGlobalSection
EndGlobal
